
Microsoft Visual Studio Solution File, Format Version 10.00
# Visual Studio 2008
Project("{FAE04EC0-301F-11D3-BF4B-00C04F79EFBC}") = "CronContribWalker", "CronContribWalker\CronContribWalker.csproj", "{720550DD-6D40-427D-8284-EAB6281C98CE}"
EndProject
Global
	GlobalSection(SolutionConfigurationPlatforms) = preSolution
		Debug|Any CPU = Debug|Any CPU
		Release|Any CPU = Release|Any CPU
	EndGlobalSection
	GlobalSection(ProjectConfigurationPlatforms) = postSolution
		{720550DD-6D40-427D-8284-EAB6281C98CE}.Debug|Any CPU.ActiveCfg = Debug|Any CPU
		{720550DD-6D40-427D-8284-EAB6281C98CE}.Debug|Any CPU.Build.0 = Debug|Any CPU
		{720550DD-6D40-427D-8284-EAB6281C98CE}.Release|Any CPU.ActiveCfg = Release|Any CPU
		{720550DD-6D40-427D-8284-EAB6281C98CE}.Release|Any CPU.Build.0 = Release|Any CPU
	EndGlobalSection
	GlobalSection(SolutionProperties) = preSolution
		HideSolutionNode = FALSE
	EndGlobalSection
EndGlobal
